{
  "name": "database-boilerplate",
  "lockfileVersion": 3,
  "requires": true,
  "packages": {
    "": {
      "dependencies": {
        "@prisma/client": "^5.15.0",
        "install": "^0.13.0",
        "postgresql": "^0.0.1",
        "prisma": "^5.15.0",
        "typescript": "^5.4.5"
      }
    },
    "node_modules/@prisma/client": {
      "version": "5.15.0",
      "resolved": "https://registry.npmjs.org/@prisma/client/-/client-5.15.0.tgz",
      "integrity": "sha512-wPTeTjbd2Q0abOeffN7zCDCbkp9C9cF+e9HPiI64lmpehyq2TepgXE+sY7FXr7Rhbb21prLMnhXX27/E11V09w==",
      "hasInstallScript": true,
      "engines": {
        "node": ">=16.13"
      },
      "peerDependencies": {
        "prisma": "*"
      },
      "peerDependenciesMeta": {
        "prisma": {
          "optional": true
        }
      }
    },
    "node_modules/@prisma/debug": {
      "version": "5.15.0",
      "resolved": "https://registry.npmjs.org/@prisma/debug/-/debug-5.15.0.tgz",
      "integrity": "sha512-QpEAOjieLPc/4sMny/WrWqtpIAmBYsgqwWlWwIctqZO0AbhQ9QcT6x2Ut3ojbDo/pFRCCA1Z1+xm2MUy7fAkZA=="
    },
    "node_modules/@prisma/engines": {
      "version": "5.15.0",
      "resolved": "https://registry.npmjs.org/@prisma/engines/-/engines-5.15.0.tgz",
      "integrity": "sha512-hXL5Sn9hh/ZpRKWiyPA5GbvF3laqBHKt6Vo70hYqqOhh5e0ZXDzHcdmxNvOefEFeqxra2DMz2hNbFoPvqrVe1w==",
      "hasInstallScript": true,
      "dependencies": {
        "@prisma/debug": "5.15.0",
        "@prisma/engines-version": "5.15.0-29.12e25d8d06f6ea5a0252864dd9a03b1bb51f3022",
        "@prisma/fetch-engine": "5.15.0",
        "@prisma/get-platform": "5.15.0"
      }
    },
    "node_modules/@prisma/engines-version": {
      "version": "5.15.0-29.12e25d8d06f6ea5a0252864dd9a03b1bb51f3022",
      "resolved": "https://registry.npmjs.org/@prisma/engines-version/-/engines-version-5.15.0-29.12e25d8d06f6ea5a0252864dd9a03b1bb51f3022.tgz",
      "integrity": "sha512-3BEgZ41Qb4oWHz9kZNofToRvNeS4LZYaT9pienR1gWkjhky6t6K1NyeWNBkqSj2llgraUNbgMOCQPY4f7Qp5wA=="
    },
    "node_modules/@prisma/fetch-engine": {
      "version": "5.15.0",
      "resolved": "https://registry.npmjs.org/@prisma/fetch-engine/-/fetch-engine-5.15.0.tgz",
      "integrity": "sha512-z6AY5yyXxc20Klj7wwnfGP0iIUkVKzybqapT02zLYR/nf9ynaeN8bq73WRmi1TkLYn+DJ5Qy+JGu7hBf1pE78A==",
      "dependencies": {
        "@prisma/debug": "5.15.0",
        "@prisma/engines-version": "5.15.0-29.12e25d8d06f6ea5a0252864dd9a03b1bb51f3022",
        "@prisma/get-platform": "5.15.0"
      }
    },
    "node_modules/@prisma/get-platform": {
      "version": "5.15.0",
      "resolved": "https://registry.npmjs.org/@prisma/get-platform/-/get-platform-5.15.0.tgz",
      "integrity": "sha512-1GULDkW4+/VQb73vihxCBSc4Chc2x88MA+O40tcZFjmBzG4/fF44PaXFxUqKSFltxU9L9GIMLhh0Gfkk/pUbtg==",
      "dependencies": {
        "@prisma/debug": "5.15.0"
      }
    },
    "node_modules/empty-dir": {
      "version": "0.1.0",
      "resolved": "https://registry.npmjs.org/empty-dir/-/empty-dir-0.1.0.tgz",
      "integrity": "sha512-EatTcJH5cVS/NXEpy7IWBSpH0WxvJdBnmRkz8Gqr2Jn4GmSqc4Q4E81SmVGOrHHHtCys1SsFKmAoHlhaFkRlmg==",
      "engines": {
        "node": ">= 0.8.0"
      }
    },
    "node_modules/install": {
      "version": "0.13.0",
      "resolved": "https://registry.npmjs.org/install/-/install-0.13.0.tgz",
      "integrity": "sha512-zDml/jzr2PKU9I8J/xyZBQn8rPCAY//UOYNmR01XwNwyfhEWObo2SWfSl1+0tm1u6PhxLwDnfsT/6jB7OUxqFA==",
      "engines": {
        "node": ">= 0.10"
      }
    },
    "node_modules/postgresql": {
      "version": "0.0.1",
      "resolved": "https://registry.npmjs.org/postgresql/-/postgresql-0.0.1.tgz",
      "integrity": "sha512-qtBS+u3m4UxCVTTQBm58IR4TJWZKYVRa/egONxzkQtqEYhFc9HVno4S7//ABFRJR5LeCcrZtcBpZJ5SJkJkGEA==",
      "hasInstallScript": true,
      "dependencies": {
        "empty-dir": "^0.1.0"
      },
      "engines": {
        "node": ">= 0.10.0"
      }
    },
    "node_modules/prisma": {
      "version": "5.15.0",
      "resolved": "https://registry.npmjs.org/prisma/-/prisma-5.15.0.tgz",
      "integrity": "sha512-JA81ACQSCi3a7NUOgonOIkdx8PAVkO+HbUOxmd00Yb8DgIIEpr2V9+Qe/j6MLxIgWtE/OtVQ54rVjfYRbZsCfw==",
      "hasInstallScript": true,
      "dependencies": {
        "@prisma/engines": "5.15.0"
      },
      "bin": {
        "prisma": "build/index.js"
      },
      "engines": {
        "node": ">=16.13"
      }
    },
    "node_modules/typescript": {
      "version": "5.4.5",
      "resolved": "https://registry.npmjs.org/typescript/-/typescript-5.4.5.tgz",
      "integrity": "sha512-vcI4UpRgg81oIRUFwR0WSIHKt11nJ7SAVlYNIu+QpqeyXP+gpQJy/Z4+F0aGxSE4MqwjyXvW/TzgkLAx2AGHwQ==",
      "bin": {
        "tsc": "bin/tsc",
        "tsserver": "bin/tsserver"
      },
      "engines": {
        "node": ">=14.17"
      }
    }
  }
}
